Microsoft Visual Studio Solution File, Format Version 12.00
# Visual Studio Version 17
VisualStudioVersion = 17.1.0.0
MinimumVisualStudioVersion = 17.1.0.0
Project("{4af954d8-22a5-470d-997e-c7c31ed37f09}") = "Northwind_BackEndCommon", "BackEndCommon\Northwind_BackEndCommon.csproj", "{acf7556c-d546-452d-9c19-435b98434277}"
EndProject
Project("{4af954d8-22a5-470d-997e-c7c31ed37f09}") = "Northwind_BackEndHttpServer", "BackEndHttpServer\Northwind_BackEndHttpServer.csproj", "{38a24bf1-602b-448a-aba7-df5a4861da30}"
EndProject
Project("{4af954d8-22a5-470d-997e-c7c31ed37f09}") = "Northwind_BackEndDatabaseClient", "BackEndDatabaseClient\Northwind_BackEndDatabaseClient.csproj", "{8d00faa9-8c23-47c2-8777-9a56538f43de}"
EndProject
Project("{4af954d8-22a5-470d-997e-c7c31ed37f09}") = "Northwind_BackEndSqlEntities", "BackEndSqlEntities\Northwind_BackEndSqlEntities.csproj", "{dadab1db-082d-434e-9f5f-e2de6b1cd6ea}"
EndProject
Project("{4af954d8-22a5-470d-997e-c7c31ed37f09}") = "Northwind_FrontEndHttpClient", "FrontEndHttpClient\Northwind_FrontEndHttpClient.csproj", "{54b9ae8d-111d-4db6-bdf5-b03f774e6186}"
EndProject
Global
	GlobalSection(SolutionConfigurationPlatforms) = preSolution
		Debug|Any CPU = Debug|Any CPU
		Release|Any CPU = Release|Any CPU
	EndGlobalSection
	GlobalSection(ProjectConfigurationPlatforms) = postSolution
		{acf7556c-d546-452d-9c19-435b98434277}.Debug|Any CPU.ActiveCfg = Debug|Any CPU
		{acf7556c-d546-452d-9c19-435b98434277}.Debug|Any CPU.Build.0 = Debug|Any CPU
		{38a24bf1-602b-448a-aba7-df5a4861da30}.Debug|Any CPU.ActiveCfg = Debug|Any CPU
		{38a24bf1-602b-448a-aba7-df5a4861da30}.Debug|Any CPU.Build.0 = Debug|Any CPU
		{8d00faa9-8c23-47c2-8777-9a56538f43de}.Debug|Any CPU.ActiveCfg = Debug|Any CPU
		{8d00faa9-8c23-47c2-8777-9a56538f43de}.Debug|Any CPU.Build.0 = Debug|Any CPU
		{dadab1db-082d-434e-9f5f-e2de6b1cd6ea}.Debug|Any CPU.ActiveCfg = Debug|Any CPU
		{dadab1db-082d-434e-9f5f-e2de6b1cd6ea}.Debug|Any CPU.Build.0 = Debug|Any CPU
		{54b9ae8d-111d-4db6-bdf5-b03f774e6186}.Debug|Any CPU.ActiveCfg = Debug|Any CPU
		{54b9ae8d-111d-4db6-bdf5-b03f774e6186}.Debug|Any CPU.Build.0 = Debug|Any CPU
	EndGlobalSection
	GlobalSection(SolutionProperties) = preSolution
		HideSolutionNode = FALSE
	EndGlobalSection
	GlobalSection(ExtensibilityGlobals) = postSolution
		SolutionGuid = {e361d35a-61d2-47a1-a277-8f2782eb6443}
	EndGlobalSection
EndGlobal
